
Microsoft Visual Studio Solution File, Format Version 10.00
# Visual Studio 2008
Project("{FAE04EC0-301F-11D3-BF4B-00C04F79EFBC}") = "LocalizationExample", "LocalizationExample\LocalizationExample.csproj", "{CE22DA54-E438-4338-A08C-C33111C5CF12}"
EndProject
Global
	GlobalSection(SolutionConfigurationPlatforms) = preSolution
		Debug|Any CPU = Debug|Any CPU
		Release|Any CPU = Release|Any CPU
	EndGlobalSection
	GlobalSection(ProjectConfigurationPlatforms) = postSolution
		{CE22DA54-E438-4338-A08C-C33111C5CF12}.Debug|Any CPU.ActiveCfg = Debug|Any CPU
		{CE22DA54-E438-4338-A08C-C33111C5CF12}.Debug|Any CPU.Build.0 = Debug|Any CPU
		{CE22DA54-E438-4338-A08C-C33111C5CF12}.Release|Any CPU.ActiveCfg = Release|Any CPU
		{CE22DA54-E438-4338-A08C-C33111C5CF12}.Release|Any CPU.Build.0 = Release|Any CPU
	EndGlobalSection
	GlobalSection(SolutionProperties) = preSolution
		HideSolutionNode = FALSE
	EndGlobalSection
EndGlobal
