Microsoft Visual Studio Solution File, Format Version 12.00
# Visual Studio 2013
VisualStudioVersion = 12.0.30723.0
MinimumVisualStudioVersion = 10.0.40219.1
Project("{FAE04EC0-301F-11D3-BF4B-00C04F79EFBC}") = "Test", "Test.csproj", "{FB192C73-6415-4FA2-9393-0BDD24BE7663}"
EndProject
Project("{FAE04EC0-301F-11D3-BF4B-00C04F79EFBC}") = "MathExprLib", "SymMathLib\MathExprLib.csproj", "{C318A80A-1E0A-4E73-8DA2-50B350CAC148}"
EndProject
Project("{FAE04EC0-301F-11D3-BF4B-00C04F79EFBC}") = "TestParser", "TestParser\TestParser.csproj", "{045DB5EC-7442-4898-8EEB-384D985755E6}"
EndProject
Project("{FAE04EC0-301F-11D3-BF4B-00C04F79EFBC}") = "TestBool", "TestBool\TestBool.csproj", "{D46B62BB-901C-400C-BF20-1B423D2A99AB}"
EndProject
Global
	GlobalSection(SolutionConfigurationPlatforms) = preSolution
		Debug|Any CPU = Debug|Any CPU
		Release|Any CPU = Release|Any CPU
	EndGlobalSection
	GlobalSection(ProjectConfigurationPlatforms) = postSolution
		{FB192C73-6415-4FA2-9393-0BDD24BE7663}.Debug|Any CPU.ActiveCfg = Debug|Any CPU
		{FB192C73-6415-4FA2-9393-0BDD24BE7663}.Debug|Any CPU.Build.0 = Debug|Any CPU
		{FB192C73-6415-4FA2-9393-0BDD24BE7663}.Release|Any CPU.ActiveCfg = Release|Any CPU
		{FB192C73-6415-4FA2-9393-0BDD24BE7663}.Release|Any CPU.Build.0 = Release|Any CPU
		{C318A80A-1E0A-4E73-8DA2-50B350CAC148}.Debug|Any CPU.ActiveCfg = Debug|Any CPU
		{C318A80A-1E0A-4E73-8DA2-50B350CAC148}.Debug|Any CPU.Build.0 = Debug|Any CPU
		{C318A80A-1E0A-4E73-8DA2-50B350CAC148}.Release|Any CPU.ActiveCfg = Release|Any CPU
		{C318A80A-1E0A-4E73-8DA2-50B350CAC148}.Release|Any CPU.Build.0 = Release|Any CPU
		{045DB5EC-7442-4898-8EEB-384D985755E6}.Debug|Any CPU.ActiveCfg = Debug|Any CPU
		{045DB5EC-7442-4898-8EEB-384D985755E6}.Debug|Any CPU.Build.0 = Debug|Any CPU
		{045DB5EC-7442-4898-8EEB-384D985755E6}.Release|Any CPU.ActiveCfg = Release|Any CPU
		{045DB5EC-7442-4898-8EEB-384D985755E6}.Release|Any CPU.Build.0 = Release|Any CPU
		{D46B62BB-901C-400C-BF20-1B423D2A99AB}.Debug|Any CPU.ActiveCfg = Debug|Any CPU
		{D46B62BB-901C-400C-BF20-1B423D2A99AB}.Debug|Any CPU.Build.0 = Debug|Any CPU
		{D46B62BB-901C-400C-BF20-1B423D2A99AB}.Release|Any CPU.ActiveCfg = Release|Any CPU
		{D46B62BB-901C-400C-BF20-1B423D2A99AB}.Release|Any CPU.Build.0 = Release|Any CPU
	EndGlobalSection
	GlobalSection(SolutionProperties) = preSolution
		HideSolutionNode = FALSE
	EndGlobalSection
EndGlobal
