Microsoft Visual Studio Solution File, Format Version 9.00
# Visual Studio 2005
Project("{FAE04EC0-301F-11D3-BF4B-00C04F79EFBC}") = "BizKit.TextDiff", "BizKit.TextDiff.csproj", "{9B824EE3-34E9-4C06-9667-C37EB1159BAD}"
EndProject
Global
	GlobalSection(SolutionConfigurationPlatforms) = preSolution
		Debug|Any CPU = Debug|Any CPU
		Release|Any CPU = Release|Any CPU
	EndGlobalSection
	GlobalSection(ProjectConfigurationPlatforms) = postSolution
		{9B824EE3-34E9-4C06-9667-C37EB1159BAD}.Debug|Any CPU.ActiveCfg = Debug|Any CPU
		{9B824EE3-34E9-4C06-9667-C37EB1159BAD}.Debug|Any CPU.Build.0 = Debug|Any CPU
		{9B824EE3-34E9-4C06-9667-C37EB1159BAD}.Release|Any CPU.ActiveCfg = Release|Any CPU
		{9B824EE3-34E9-4C06-9667-C37EB1159BAD}.Release|Any CPU.Build.0 = Release|Any CPU
	EndGlobalSection
	GlobalSection(SolutionProperties) = preSolution
		HideSolutionNode = FALSE
	EndGlobalSection
EndGlobal
